{
  "name": "ajs-hw3",
  "version": "1.0.0",
  "lockfileVersion": 2,
  "requires": true,
  "packages": {
    "": {
      "name": "ajs-hw3",
      "version": "1.0.0",
      "license": "ISC",
      "dependencies": {
        "@vatruwca/ajs": "^1.0.0"
      }
    },
    "node_modules/@vatruwca/ajs": {
      "version": "1.0.0",
      "resolved": "https://npm.pkg.github.com/download/@vatruwca/ajs/1.0.0/715995931094c2cb7eb4e5b99754442a491bbe66d7b43860cdf7dc63b9d36499",
      "integrity": "sha512-cOWagTABBt3FEYXLuuUU3qjLAKWQDi2+754hsxf+81hpkc5VY0dmxa3PqQ4k8HverRsAn/DOR2JCFe3JRnBhzg==",
      "license": "ISC"
    }
  },
  "dependencies": {
    "@vatruwca/ajs": {
      "version": "1.0.0",
      "resolved": "https://npm.pkg.github.com/download/@vatruwca/ajs/1.0.0/715995931094c2cb7eb4e5b99754442a491bbe66d7b43860cdf7dc63b9d36499",
      "integrity": "sha512-cOWagTABBt3FEYXLuuUU3qjLAKWQDi2+754hsxf+81hpkc5VY0dmxa3PqQ4k8HverRsAn/DOR2JCFe3JRnBhzg=="
    }
  }
}
